
Microsoft Visual Studio Solution File, Format Version 12.00
# Visual Studio Version 16
VisualStudioVersion = 16.0.34114.132
MinimumVisualStudioVersion = 10.0.40219.1
Project("{9A19103F-16F7-4668-BE54-9A1E7A4F7556}") = "01.CountRealNumbers", "01.CountRealNumbers\01.CountRealNumbers.csproj", "{7BE6BEC7-D638-40E8-9E95-09AA9A0455F6}"
EndProject
Project("{9A19103F-16F7-4668-BE54-9A1E7A4F7556}") = "02.OddOccurrences", "02.OddOccurrences\02.OddOccurrences.csproj", "{AF4EB6D5-2E9E-41FB-B28F-5CA4B09BC765}"
EndProject
Project("{FAE04EC0-301F-11D3-BF4B-00C04F79EFBC}") = "03.WordSynonyms", "03.WordSynonyms\03.WordSynonyms.csproj", "{5C9E5F2E-5A5C-4A4A-92C4-ED27ADE4F3BE}"
EndProject
Project("{FAE04EC0-301F-11D3-BF4B-00C04F79EFBC}") = "04.WordFilter", "04.WordFilter\04.WordFilter.csproj", "{A2763A69-3299-4CA6-94AA-64FFF49B28DF}"
EndProject
Global
	GlobalSection(SolutionConfigurationPlatforms) = preSolution
		Debug|Any CPU = Debug|Any CPU
		Release|Any CPU = Release|Any CPU
	EndGlobalSection
	GlobalSection(ProjectConfigurationPlatforms) = postSolution
		{7BE6BEC7-D638-40E8-9E95-09AA9A0455F6}.Debug|Any CPU.ActiveCfg = Debug|Any CPU
		{7BE6BEC7-D638-40E8-9E95-09AA9A0455F6}.Debug|Any CPU.Build.0 = Debug|Any CPU
		{7BE6BEC7-D638-40E8-9E95-09AA9A0455F6}.Release|Any CPU.ActiveCfg = Release|Any CPU
		{7BE6BEC7-D638-40E8-9E95-09AA9A0455F6}.Release|Any CPU.Build.0 = Release|Any CPU
		{AF4EB6D5-2E9E-41FB-B28F-5CA4B09BC765}.Debug|Any CPU.ActiveCfg = Debug|Any CPU
		{AF4EB6D5-2E9E-41FB-B28F-5CA4B09BC765}.Debug|Any CPU.Build.0 = Debug|Any CPU
		{AF4EB6D5-2E9E-41FB-B28F-5CA4B09BC765}.Release|Any CPU.ActiveCfg = Release|Any CPU
		{AF4EB6D5-2E9E-41FB-B28F-5CA4B09BC765}.Release|Any CPU.Build.0 = Release|Any CPU
		{5C9E5F2E-5A5C-4A4A-92C4-ED27ADE4F3BE}.Debug|Any CPU.ActiveCfg = Debug|Any CPU
		{5C9E5F2E-5A5C-4A4A-92C4-ED27ADE4F3BE}.Debug|Any CPU.Build.0 = Debug|Any CPU
		{5C9E5F2E-5A5C-4A4A-92C4-ED27ADE4F3BE}.Release|Any CPU.ActiveCfg = Release|Any CPU
		{5C9E5F2E-5A5C-4A4A-92C4-ED27ADE4F3BE}.Release|Any CPU.Build.0 = Release|Any CPU
		{A2763A69-3299-4CA6-94AA-64FFF49B28DF}.Debug|Any CPU.ActiveCfg = Debug|Any CPU
		{A2763A69-3299-4CA6-94AA-64FFF49B28DF}.Debug|Any CPU.Build.0 = Debug|Any CPU
		{A2763A69-3299-4CA6-94AA-64FFF49B28DF}.Release|Any CPU.ActiveCfg = Release|Any CPU
		{A2763A69-3299-4CA6-94AA-64FFF49B28DF}.Release|Any CPU.Build.0 = Release|Any CPU
	EndGlobalSection
	GlobalSection(SolutionProperties) = preSolution
		HideSolutionNode = FALSE
	EndGlobalSection
	GlobalSection(ExtensibilityGlobals) = postSolution
		SolutionGuid = {CF8E244A-C25B-4B86-8C0E-235E529B3B43}
	EndGlobalSection
EndGlobal
